// !$*UTF8*$!
{
	archiveVersion = 1;
	classes = {
	};
	objectVersion = 46;
	objects = {

/* Begin PBXBuildFile section */
		5E3BAAE417A8A61900141DE4 /* ContentViewTiledLayer.m in Sources */ = {isa = PBXBuildFile; fileRef = 5E3BAAE317A8A61900141DE4 /* ContentViewTiledLayer.m */; };
		5E64652417C1C8BC0044254E /* FastTextView.m in Sources */ = {isa = PBXBuildFile; fileRef = 5E64651F17C1C8BC0044254E /* FastTextView.m */; };
		5E64652517C1C8BC0044254E /* FileWrapperObject.m in Sources */ = {isa = PBXBuildFile; fileRef = 5E64652117C1C8BC0044254E /* FileWrapperObject.m */; };
		5E64652617C1C8BC0044254E /* NSMutableAttributedString+TextUtil.m in Sources */ = {isa = PBXBuildFile; fileRef = 5E64652317C1C8BC0044254E /* NSMutableAttributedString+TextUtil.m */; };
		5E64652917C1CBAA0044254E /* NSAttributedString+TextUtil.m in Sources */ = {isa = PBXBuildFile; fileRef = 5E64652817C1CBAA0044254E /* NSAttributedString+TextUtil.m */; };
		5E68444917A6B6140023E663 /* FastTextStorage.m in Sources */ = {isa = PBXBuildFile; fileRef = 5E68444817A6B6140023E663 /* FastTextStorage.m */; };
		5E76544217AAA48700AAAD33 /* CAParagraphLayer.m in Sources */ = {isa = PBXBuildFile; fileRef = 5E76544117AAA48700AAAD33 /* CAParagraphLayer.m */; };
		5EA4963B17A4FDC700E5DDBE /* UIKit.framework in Frameworks */ = {isa = PBXBuildFile; fileRef = 5EA4963A17A4FDC700E5DDBE /* UIKit.framework */; };
		5EA4963D17A4FDC700E5DDBE /* Foundation.framework in Frameworks */ = {isa = PBXBuildFile; fileRef = 5EA4963C17A4FDC700E5DDBE /* Foundation.framework */; };
		5EA4963F17A4FDC700E5DDBE /* CoreGraphics.framework in Frameworks */ = {isa = PBXBuildFile; fileRef = 5EA4963E17A4FDC700E5DDBE /* CoreGraphics.framework */; };
		5EA4964517A4FDC700E5DDBE /* InfoPlist.strings in Resources */ = {isa = PBXBuildFile; fileRef = 5EA4964317A4FDC700E5DDBE /* InfoPlist.strings */; };
		5EA4964717A4FDC700E5DDBE /* main.m in Sources */ = {isa = PBXBuildFile; fileRef = 5EA4964617A4FDC700E5DDBE /* main.m */; };
		5EA4964B17A4FDC700E5DDBE /* AppDelegate.m in Sources */ = {isa = PBXBuildFile; fileRef = 5EA4964A17A4FDC700E5DDBE /* AppDelegate.m */; };
		5EA4964D17A4FDC700E5DDBE /* Default.png in Resources */ = {isa = PBXBuildFile; fileRef = 5EA4964C17A4FDC700E5DDBE /* Default.png */; };
		5EA4964F17A4FDC700E5DDBE /* Default@2x.png in Resources */ = {isa = PBXBuildFile; fileRef = 5EA4964E17A4FDC700E5DDBE /* Default@2x.png */; };
		5EA4965117A4FDC700E5DDBE /* Default-568h@2x.png in Resources */ = {isa = PBXBuildFile; fileRef = 5EA4965017A4FDC700E5DDBE /* Default-568h@2x.png */; };
		5EA4965417A4FDC700E5DDBE /* ViewController.m in Sources */ = {isa = PBXBuildFile; fileRef = 5EA4965317A4FDC700E5DDBE /* ViewController.m */; };
		5EA4965717A4FDC700E5DDBE /* ViewController.xib in Resources */ = {isa = PBXBuildFile; fileRef = 5EA4965517A4FDC700E5DDBE /* ViewController.xib */; };
		5EA4966117A4FF5900E5DDBE /* a.txt in Resources */ = {isa = PBXBuildFile; fileRef = 5EA4965D17A4FF5900E5DDBE /* a.txt */; };
		5EA4966C17A4FFB400E5DDBE /* SlideAttachmentCell.m in Sources */ = {isa = PBXBuildFile; fileRef = 5EA4966617A4FFB400E5DDBE /* SlideAttachmentCell.m */; };
		5EA4966D17A4FFB400E5DDBE /* TextAttchment.m in Sources */ = {isa = PBXBuildFile; fileRef = 5EA4966817A4FFB400E5DDBE /* TextAttchment.m */; };
		5EA4966E17A4FFB400E5DDBE /* TextConfig.m in Sources */ = {isa = PBXBuildFile; fileRef = 5EA4966A17A4FFB400E5DDBE /* TextConfig.m */; };
		5EA4967017A5021300E5DDBE /* CoreText.framework in Frameworks */ = {isa = PBXBuildFile; fileRef = 5EA4966F17A5021300E5DDBE /* CoreText.framework */; };
		5EA4967217A5022800E5DDBE /* QuartzCore.framework in Frameworks */ = {isa = PBXBuildFile; fileRef = 5EA4967117A5022800E5DDBE /* QuartzCore.framework */; };
		5EA4967617A504BF00E5DDBE /* DemoViewController.m in Sources */ = {isa = PBXBuildFile; fileRef = 5EA4967417A504BF00E5DDBE /* DemoViewController.m */; };
		5EA4967717A504BF00E5DDBE /* DemoViewController.xib in Resources */ = {isa = PBXBuildFile; fileRef = 5EA4967517A504BF00E5DDBE /* DemoViewController.xib */; };
		5EA4967917A5051D00E5DDBE /* AssetsLibrary.framework in Frameworks */ = {isa = PBXBuildFile; fileRef = 5EA4967817A5051D00E5DDBE /* AssetsLibrary.framework */; };
		5EA4967C17A506A200E5DDBE /* UIImage-Extensions.m in Sources */ = {isa = PBXBuildFile; fileRef = 5EA4967B17A506A200E5DDBE /* UIImage-Extensions.m */; settings = {COMPILER_FLAGS = "-fno-objc-arc"; }; };
		5EA4968617A5073900E5DDBE /* drag-dot@2x.png in Resources */ = {isa = PBXBuildFile; fileRef = 5EA4967E17A5073900E5DDBE /* drag-dot@2x.png */; };
		5EA4968717A5073900E5DDBE /* loupe-hi@2x.png in Resources */ = {isa = PBXBuildFile; fileRef = 5EA4967F17A5073900E5DDBE /* loupe-hi@2x.png */; };
		5EA4968817A5073900E5DDBE /* loupe-lo@2x.png in Resources */ = {isa = PBXBuildFile; fileRef = 5EA4968017A5073900E5DDBE /* loupe-lo@2x.png */; };
		5EA4968917A5073900E5DDBE /* loupe-mask@2x.png in Resources */ = {isa = PBXBuildFile; fileRef = 5EA4968117A5073900E5DDBE /* loupe-mask@2x.png */; };
		5EA4968A17A5073900E5DDBE /* magnifier-ranged-hi@2x.png in Resources */ = {isa = PBXBuildFile; fileRef = 5EA4968217A5073900E5DDBE /* magnifier-ranged-hi@2x.png */; };
		5EA4968B17A5073900E5DDBE /* magnifier-ranged-lo-stemless@2x.png in Resources */ = {isa = PBXBuildFile; fileRef = 5EA4968317A5073900E5DDBE /* magnifier-ranged-lo-stemless@2x.png */; };
		5EA4968C17A5073900E5DDBE /* magnifier-ranged-lo@2x.png in Resources */ = {isa = PBXBuildFile; fileRef = 5EA4968417A5073900E5DDBE /* magnifier-ranged-lo@2x.png */; };
		5EA4968D17A5073900E5DDBE /* magnifier-ranged-mask@2x.png in Resources */ = {isa = PBXBuildFile; fileRef = 5EA4968517A5073900E5DDBE /* magnifier-ranged-mask@2x.png */; };
		5EA4968F17A5085200E5DDBE /* b.txt in Resources */ = {isa = PBXBuildFile; fileRef = 5EA4968E17A5085100E5DDBE /* b.txt */; };
/* End PBXBuildFile section */

/* Begin PBXFileReference section */
		5E3BAAE217A8A61900141DE4 /* ContentViewTiledLayer.h */ = {isa = PBXFileReference; fileEncoding = 4; lastKnownFileType = sourcecode.c.h; path = ContentViewTiledLayer.h; sourceTree = "<group>"; };
		5E3BAAE317A8A61900141DE4 /* ContentViewTiledLayer.m */ = {isa = PBXFileReference; fileEncoding = 4; lastKnownFileType = sourcecode.c.objc; path = ContentViewTiledLayer.m; sourceTree = "<group>"; };
		5E64651E17C1C8BC0044254E /* FastTextView.h */ = {isa = PBXFileReference; fileEncoding = 4; lastKnownFileType = sourcecode.c.h; path = FastTextView.h; sourceTree = "<group>"; };
		5E64651F17C1C8BC0044254E /* FastTextView.m */ = {isa = PBXFileReference; fileEncoding = 4; lastKnownFileType = sourcecode.c.objc; path = FastTextView.m; sourceTree = "<group>"; };
		5E64652017C1C8BC0044254E /* FileWrapperObject.h */ = {isa = PBXFileReference; fileEncoding = 4; lastKnownFileType = sourcecode.c.h; path = FileWrapperObject.h; sourceTree = "<group>"; };
		5E64652117C1C8BC0044254E /* FileWrapperObject.m */ = {isa = PBXFileReference; fileEncoding = 4; lastKnownFileType = sourcecode.c.objc; path = FileWrapperObject.m; sourceTree = "<group>"; };
		5E64652217C1C8BC0044254E /* NSMutableAttributedString+TextUtil.h */ = {isa = PBXFileReference; fileEncoding = 4; lastKnownFileType = sourcecode.c.h; path = "NSMutableAttributedString+TextUtil.h"; sourceTree = "<group>"; };
		5E64652317C1C8BC0044254E /* NSMutableAttributedString+TextUtil.m */ = {isa = PBXFileReference; fileEncoding = 4; lastKnownFileType = sourcecode.c.objc; path = "NSMutableAttributedString+TextUtil.m"; sourceTree = "<group>"; };
		5E64652717C1CBAA0044254E /* NSAttributedString+TextUtil.h */ = {isa = PBXFileReference; fileEncoding = 4; lastKnownFileType = sourcecode.c.h; path = "NSAttributedString+TextUtil.h"; sourceTree = "<group>"; };
		5E64652817C1CBAA0044254E /* NSAttributedString+TextUtil.m */ = {isa = PBXFileReference; fileEncoding = 4; lastKnownFileType = sourcecode.c.objc; path = "NSAttributedString+TextUtil.m"; sourceTree = "<group>"; };
		5E68444717A6B6140023E663 /* FastTextStorage.h */ = {isa = PBXFileReference; fileEncoding = 4; lastKnownFileType = sourcecode.c.h; path = FastTextStorage.h; sourceTree = "<group>"; };
		5E68444817A6B6140023E663 /* FastTextStorage.m */ = {isa = PBXFileReference; fileEncoding = 4; lastKnownFileType = sourcecode.c.objc; path = FastTextStorage.m; sourceTree = "<group>"; };
		5E76544017AAA48700AAAD33 /* CAParagraphLayer.h */ = {isa = PBXFileReference; fileEncoding = 4; lastKnownFileType = sourcecode.c.h; path = CAParagraphLayer.h; sourceTree = "<group>"; };
		5E76544117AAA48700AAAD33 /* CAParagraphLayer.m */ = {isa = PBXFileReference; fileEncoding = 4; lastKnownFileType = sourcecode.c.objc; path = CAParagraphLayer.m; sourceTree = "<group>"; };
		5EA4963717A4FDC700E5DDBE /* FastTextView.app */ = {isa = PBXFileReference; explicitFileType = wrapper.application; includeInIndex = 0; path = FastTextView.app; sourceTree = BUILT_PRODUCTS_DIR; };
		5EA4963A17A4FDC700E5DDBE /* UIKit.framework */ = {isa = PBXFileReference; lastKnownFileType = wrapper.framework; name = UIKit.framework; path = System/Library/Frameworks/UIKit.framework; sourceTree = SDKROOT; };
		5EA4963C17A4FDC700E5DDBE /* Foundation.framework */ = {isa = PBXFileReference; lastKnownFileType = wrapper.framework; name = Foundation.framework; path = System/Library/Frameworks/Foundation.framework; sourceTree = SDKROOT; };
		5EA4963E17A4FDC700E5DDBE /* CoreGraphics.framework */ = {isa = PBXFileReference; lastKnownFileType = wrapper.framework; name = CoreGraphics.framework; path = System/Library/Frameworks/CoreGraphics.framework; sourceTree = SDKROOT; };
		5EA4964217A4FDC700E5DDBE /* FastTextView-Info.plist */ = {isa = PBXFileReference; lastKnownFileType = text.plist.xml; path = "FastTextView-Info.plist"; sourceTree = "<group>"; };
		5EA4964417A4FDC700E5DDBE /* en */ = {isa = PBXFileReference; lastKnownFileType = text.plist.strings; name = en; path = en.lproj/InfoPlist.strings; sourceTree = "<group>"; };
		5EA4964617A4FDC700E5DDBE /* main.m */ = {isa = PBXFileReference; lastKnownFileType = sourcecode.c.objc; path = main.m; sourceTree = "<group>"; };
		5EA4964817A4FDC700E5DDBE /* FastTextView-Prefix.pch */ = {isa = PBXFileReference; lastKnownFileType = sourcecode.c.h; path = "FastTextView-Prefix.pch"; sourceTree = "<group>"; };
		5EA4964917A4FDC700E5DDBE /* AppDelegate.h */ = {isa = PBXFileReference; lastKnownFileType = sourcecode.c.h; path = AppDelegate.h; sourceTree = "<group>"; };
		5EA4964A17A4FDC700E5DDBE /* AppDelegate.m */ = {isa = PBXFileReference; lastKnownFileType = sourcecode.c.objc; path = AppDelegate.m; sourceTree = "<group>"; };
		5EA4964C17A4FDC700E5DDBE /* Default.png */ = {isa = PBXFileReference; lastKnownFileType = image.png; path = Default.png; sourceTree = "<group>"; };
		5EA4964E17A4FDC700E5DDBE /* Default@2x.png */ = {isa = PBXFileReference; lastKnownFileType = image.png; path = "Default@2x.png"; sourceTree = "<group>"; };
		5EA4965017A4FDC700E5DDBE /* Default-568h@2x.png */ = {isa = PBXFileReference; lastKnownFileType = image.png; path = "Default-568h@2x.png"; sourceTree = "<group>"; };
		5EA4965217A4FDC700E5DDBE /* ViewController.h */ = {isa = PBXFileReference; lastKnownFileType = sourcecode.c.h; path = ViewController.h; sourceTree = "<group>"; };
		5EA4965317A4FDC700E5DDBE /* ViewController.m */ = {isa = PBXFileReference; lastKnownFileType = sourcecode.c.objc; path = ViewController.m; sourceTree = "<group>"; };
		5EA4965617A4FDC700E5DDBE /* en */ = {isa = PBXFileReference; lastKnownFileType = file.xib; name = en; path = en.lproj/ViewController.xib; sourceTree = "<group>"; };
		5EA4965D17A4FF5900E5DDBE /* a.txt */ = {isa = PBXFileReference; fileEncoding = 4; lastKnownFileType = text; name = a.txt; path = ../a.txt; sourceTree = "<group>"; };
		5EA4966517A4FFB400E5DDBE /* SlideAttachmentCell.h */ = {isa = PBXFileReference; fileEncoding = 4; lastKnownFileType = sourcecode.c.h; path = SlideAttachmentCell.h; sourceTree = "<group>"; };
		5EA4966617A4FFB400E5DDBE /* SlideAttachmentCell.m */ = {isa = PBXFileReference; fileEncoding = 4; lastKnownFileType = sourcecode.c.objc; path = SlideAttachmentCell.m; sourceTree = "<group>"; };
		5EA4966717A4FFB400E5DDBE /* TextAttchment.h */ = {isa = PBXFileReference; fileEncoding = 4; lastKnownFileType = sourcecode.c.h; path = TextAttchment.h; sourceTree = "<group>"; };
		5EA4966817A4FFB400E5DDBE /* TextAttchment.m */ = {isa = PBXFileReference; fileEncoding = 4; lastKnownFileType = sourcecode.c.objc; path = TextAttchment.m; sourceTree = "<group>"; };
		5EA4966917A4FFB400E5DDBE /* TextConfig.h */ = {isa = PBXFileReference; fileEncoding = 4; lastKnownFileType = sourcecode.c.h; path = TextConfig.h; sourceTree = "<group>"; };
		5EA4966A17A4FFB400E5DDBE /* TextConfig.m */ = {isa = PBXFileReference; fileEncoding = 4; lastKnownFileType = sourcecode.c.objc; path = TextConfig.m; sourceTree = "<group>"; };
		5EA4966F17A5021300E5DDBE /* CoreText.framework */ = {isa = PBXFileReference; lastKnownFileType = wrapper.framework; name = CoreText.framework; path = System/Library/Frameworks/CoreText.framework; sourceTree = SDKROOT; };
		5EA4967117A5022800E5DDBE /* QuartzCore.framework */ = {isa = PBXFileReference; lastKnownFileType = wrapper.framework; name = QuartzCore.framework; path = System/Library/Frameworks/QuartzCore.framework; sourceTree = SDKROOT; };
		5EA4967317A504BF00E5DDBE /* DemoViewController.h */ = {isa = PBXFileReference; fileEncoding = 4; lastKnownFileType = sourcecode.c.h; path = DemoViewController.h; sourceTree = "<group>"; };
		5EA4967417A504BF00E5DDBE /* DemoViewController.m */ = {isa = PBXFileReference; fileEncoding = 4; lastKnownFileType = sourcecode.c.objc; path = DemoViewController.m; sourceTree = "<group>"; };
		5EA4967517A504BF00E5DDBE /* DemoViewController.xib */ = {isa = PBXFileReference; fileEncoding = 4; lastKnownFileType = file.xib; path = DemoViewController.xib; sourceTree = "<group>"; };
		5EA4967817A5051D00E5DDBE /* AssetsLibrary.framework */ = {isa = PBXFileReference; lastKnownFileType = wrapper.framework; name = AssetsLibrary.framework; path = System/Library/Frameworks/AssetsLibrary.framework; sourceTree = SDKROOT; };
		5EA4967A17A506A200E5DDBE /* UIImage-Extensions.h */ = {isa = PBXFileReference; fileEncoding = 4; lastKnownFileType = sourcecode.c.h; path = "UIImage-Extensions.h"; sourceTree = "<group>"; };
		5EA4967B17A506A200E5DDBE /* UIImage-Extensions.m */ = {isa = PBXFileReference; fileEncoding = 4; lastKnownFileType = sourcecode.c.objc; path = "UIImage-Extensions.m"; sourceTree = "<group>"; };
		5EA4967E17A5073900E5DDBE /* drag-dot@2x.png */ = {isa = PBXFileReference; lastKnownFileType = image.png; path = "drag-dot@2x.png"; sourceTree = "<group>"; };
		5EA4967F17A5073900E5DDBE /* loupe-hi@2x.png */ = {isa = PBXFileReference; lastKnownFileType = image.png; path = "loupe-hi@2x.png"; sourceTree = "<group>"; };
		5EA4968017A5073900E5DDBE /* loupe-lo@2x.png */ = {isa = PBXFileReference; lastKnownFileType = image.png; path = "loupe-lo@2x.png"; sourceTree = "<group>"; };
		5EA4968117A5073900E5DDBE /* loupe-mask@2x.png */ = {isa = PBXFileReference; lastKnownFileType = image.png; path = "loupe-mask@2x.png"; sourceTree = "<group>"; };
		5EA4968217A5073900E5DDBE /* magnifier-ranged-hi@2x.png */ = {isa = PBXFileReference; lastKnownFileType = image.png; path = "magnifier-ranged-hi@2x.png"; sourceTree = "<group>"; };
		5EA4968317A5073900E5DDBE /* magnifier-ranged-lo-stemless@2x.png */ = {isa = PBXFileReference; lastKnownFileType = image.png; path = "magnifier-ranged-lo-stemless@2x.png"; sourceTree = "<group>"; };
		5EA4968417A5073900E5DDBE /* magnifier-ranged-lo@2x.png */ = {isa = PBXFileReference; lastKnownFileType = image.png; path = "magnifier-ranged-lo@2x.png"; sourceTree = "<group>"; };
		5EA4968517A5073900E5DDBE /* magnifier-ranged-mask@2x.png */ = {isa = PBXFileReference; lastKnownFileType = image.png; path = "magnifier-ranged-mask@2x.png"; sourceTree = "<group>"; };
		5EA4968E17A5085100E5DDBE /* b.txt */ = {isa = PBXFileReference; fileEncoding = 4; lastKnownFileType = text; name = b.txt; path = ../b.txt; sourceTree = "<group>"; };
/* End PBXFileReference section */

/* Begin PBXFrameworksBuildPhase section */
		5EA4963417A4FDC700E5DDBE /* Frameworks */ = {
			isa = PBXFrameworksBuildPhase;
			buildActionMask = 2147483647;
			files = (
				5EA4967917A5051D00E5DDBE /* AssetsLibrary.framework in Frameworks */,
				5EA4967217A5022800E5DDBE /* QuartzCore.framework in Frameworks */,
				5EA4967017A5021300E5DDBE /* CoreText.framework in Frameworks */,
				5EA4963F17A4FDC700E5DDBE /* CoreGraphics.framework in Frameworks */,
				5EA4963B17A4FDC700E5DDBE /* UIKit.framework in Frameworks */,
				5EA4963D17A4FDC700E5DDBE /* Foundation.framework in Frameworks */,
			);
			runOnlyForDeploymentPostprocessing = 0;
		};
/* End PBXFrameworksBuildPhase section */

/* Begin PBXGroup section */
		5EA4962E17A4FDC700E5DDBE = {
			isa = PBXGroup;
			children = (
				5EA4964017A4FDC700E5DDBE /* FastTextView */,
				5EA4963917A4FDC700E5DDBE /* Frameworks */,
				5EA4963817A4FDC700E5DDBE /* Products */,
			);
			sourceTree = "<group>";
		};
		5EA4963817A4FDC700E5DDBE /* Products */ = {
			isa = PBXGroup;
			children = (
				5EA4963717A4FDC700E5DDBE /* FastTextView.app */,
			);
			name = Products;
			sourceTree = "<group>";
		};
		5EA4963917A4FDC700E5DDBE /* Frameworks */ = {
			isa = PBXGroup;
			children = (
				5EA4967817A5051D00E5DDBE /* AssetsLibrary.framework */,
				5EA4967117A5022800E5DDBE /* QuartzCore.framework */,
				5EA4966F17A5021300E5DDBE /* CoreText.framework */,
				5EA4963A17A4FDC700E5DDBE /* UIKit.framework */,
				5EA4963C17A4FDC700E5DDBE /* Foundation.framework */,
				5EA4963E17A4FDC700E5DDBE /* CoreGraphics.framework */,
			);
			name = Frameworks;
			sourceTree = "<group>";
		};
		5EA4964017A4FDC700E5DDBE /* FastTextView */ = {
			isa = PBXGroup;
			children = (
				5EA4967D17A5073800E5DDBE /* Resources */,
				5EA4967317A504BF00E5DDBE /* DemoViewController.h */,
				5EA4967417A504BF00E5DDBE /* DemoViewController.m */,
				5EA4967517A504BF00E5DDBE /* DemoViewController.xib */,
				5EA4965E17A4FF5900E5DDBE /* Classes */,
				5EA4964917A4FDC700E5DDBE /* AppDelegate.h */,
				5EA4964A17A4FDC700E5DDBE /* AppDelegate.m */,
				5EA4965217A4FDC700E5DDBE /* ViewController.h */,
				5EA4965317A4FDC700E5DDBE /* ViewController.m */,
				5EA4965517A4FDC700E5DDBE /* ViewController.xib */,
				5EA4964117A4FDC700E5DDBE /* Supporting Files */,
			);
			path = FastTextView;
			sourceTree = "<group>";
		};
		5EA4964117A4FDC700E5DDBE /* Supporting Files */ = {
			isa = PBXGroup;
			children = (
				5EA4964217A4FDC700E5DDBE /* FastTextView-Info.plist */,
				5EA4964317A4FDC700E5DDBE /* InfoPlist.strings */,
				5EA4964617A4FDC700E5DDBE /* main.m */,
				5EA4964817A4FDC700E5DDBE /* FastTextView-Prefix.pch */,
				5EA4964C17A4FDC700E5DDBE /* Default.png */,
				5EA4964E17A4FDC700E5DDBE /* Default@2x.png */,
				5EA4965017A4FDC700E5DDBE /* Default-568h@2x.png */,
			);
			name = "Supporting Files";
			sourceTree = "<group>";
		};
		5EA4965E17A4FF5900E5DDBE /* Classes */ = {
			isa = PBXGroup;
			children = (
				5E64652717C1CBAA0044254E /* NSAttributedString+TextUtil.h */,
				5E64652817C1CBAA0044254E /* NSAttributedString+TextUtil.m */,
				5E64651E17C1C8BC0044254E /* FastTextView.h */,
				5E64651F17C1C8BC0044254E /* FastTextView.m */,
				5E64652017C1C8BC0044254E /* FileWrapperObject.h */,
				5E64652117C1C8BC0044254E /* FileWrapperObject.m */,
				5E64652217C1C8BC0044254E /* NSMutableAttributedString+TextUtil.h */,
				5E64652317C1C8BC0044254E /* NSMutableAttributedString+TextUtil.m */,
				5EA4967A17A506A200E5DDBE /* UIImage-Extensions.h */,
				5EA4967B17A506A200E5DDBE /* UIImage-Extensions.m */,
				5EA4966517A4FFB400E5DDBE /* SlideAttachmentCell.h */,
				5EA4966617A4FFB400E5DDBE /* SlideAttachmentCell.m */,
				5EA4966717A4FFB400E5DDBE /* TextAttchment.h */,
				5EA4966817A4FFB400E5DDBE /* TextAttchment.m */,
				5EA4966917A4FFB400E5DDBE /* TextConfig.h */,
				5EA4966A17A4FFB400E5DDBE /* TextConfig.m */,
				5E68444717A6B6140023E663 /* FastTextStorage.h */,
				5E68444817A6B6140023E663 /* FastTextStorage.m */,
				5E3BAAE217A8A61900141DE4 /* ContentViewTiledLayer.h */,
				5E3BAAE317A8A61900141DE4 /* ContentViewTiledLayer.m */,
				5E76544017AAA48700AAAD33 /* CAParagraphLayer.h */,
				5E76544117AAA48700AAAD33 /* CAParagraphLayer.m */,
			);
			path = Classes;
			sourceTree = "<group>";
		};
		5EA4967D17A5073800E5DDBE /* Resources */ = {
			isa = PBXGroup;
			children = (
				5EA4965D17A4FF5900E5DDBE /* a.txt */,
				5EA4968E17A5085100E5DDBE /* b.txt */,
				5EA4967E17A5073900E5DDBE /* drag-dot@2x.png */,
				5EA4967F17A5073900E5DDBE /* loupe-hi@2x.png */,
				5EA4968017A5073900E5DDBE /* loupe-lo@2x.png */,
				5EA4968117A5073900E5DDBE /* loupe-mask@2x.png */,
				5EA4968217A5073900E5DDBE /* magnifier-ranged-hi@2x.png */,
				5EA4968317A5073900E5DDBE /* magnifier-ranged-lo-stemless@2x.png */,
				5EA4968417A5073900E5DDBE /* magnifier-ranged-lo@2x.png */,
				5EA4968517A5073900E5DDBE /* magnifier-ranged-mask@2x.png */,
			);
			path = Resources;
			sourceTree = "<group>";
		};
/* End PBXGroup section */

/* Begin PBXNativeTarget section */
		5EA4963617A4FDC700E5DDBE /* FastTextView */ = {
			isa = PBXNativeTarget;
			buildConfigurationList = 5EA4965A17A4FDC700E5DDBE /* Build configuration list for PBXNativeTarget "FastTextView" */;
			buildPhases = (
				5EA4963317A4FDC700E5DDBE /* Sources */,
				5EA4963417A4FDC700E5DDBE /* Frameworks */,
				5EA4963517A4FDC700E5DDBE /* Resources */,
			);
			buildRules = (
			);
			dependencies = (
			);
			name = FastTextView;
			productName = FastTextView;
			productReference = 5EA4963717A4FDC700E5DDBE /* FastTextView.app */;
			productType = "com.apple.product-type.application";
		};
/* End PBXNativeTarget section */

/* Begin PBXProject section */
		5EA4962F17A4FDC700E5DDBE /* Project object */ = {
			isa = PBXProject;
			attributes = {
				LastUpgradeCheck = 0460;
				ORGANIZATIONNAME = wangqiang;
			};
			buildConfigurationList = 5EA4963217A4FDC700E5DDBE /* Build configuration list for PBXProject "FastTextView" */;
			compatibilityVersion = "Xcode 3.2";
			developmentRegion = English;
			hasScannedForEncodings = 0;
			knownRegions = (
				en,
			);
			mainGroup = 5EA4962E17A4FDC700E5DDBE;
			productRefGroup = 5EA4963817A4FDC700E5DDBE /* Products */;
			projectDirPath = "";
			projectRoot = "";
			targets = (
				5EA4963617A4FDC700E5DDBE /* FastTextView */,
			);
		};
/* End PBXProject section */

/* Begin PBXResourcesBuildPhase section */
		5EA4963517A4FDC700E5DDBE /* Resources */ = {
			isa = PBXResourcesBuildPhase;
			buildActionMask = 2147483647;
			files = (
				5EA4964517A4FDC700E5DDBE /* InfoPlist.strings in Resources */,
				5EA4964D17A4FDC700E5DDBE /* Default.png in Resources */,
				5EA4964F17A4FDC700E5DDBE /* Default@2x.png in Resources */,
				5EA4965117A4FDC700E5DDBE /* Default-568h@2x.png in Resources */,
				5EA4965717A4FDC700E5DDBE /* ViewController.xib in Resources */,
				5EA4966117A4FF5900E5DDBE /* a.txt in Resources */,
				5EA4967717A504BF00E5DDBE /* DemoViewController.xib in Resources */,
				5EA4968617A5073900E5DDBE /* drag-dot@2x.png in Resources */,
				5EA4968717A5073900E5DDBE /* loupe-hi@2x.png in Resources */,
				5EA4968817A5073900E5DDBE /* loupe-lo@2x.png in Resources */,
				5EA4968917A5073900E5DDBE /* loupe-mask@2x.png in Resources */,
				5EA4968A17A5073900E5DDBE /* magnifier-ranged-hi@2x.png in Resources */,
				5EA4968B17A5073900E5DDBE /* magnifier-ranged-lo-stemless@2x.png in Resources */,
				5EA4968C17A5073900E5DDBE /* magnifier-ranged-lo@2x.png in Resources */,
				5EA4968D17A5073900E5DDBE /* magnifier-ranged-mask@2x.png in Resources */,
				5EA4968F17A5085200E5DDBE /* b.txt in Resources */,
			);
			runOnlyForDeploymentPostprocessing = 0;
		};
/* End PBXResourcesBuildPhase section */

/* Begin PBXSourcesBuildPhase section */
		5EA4963317A4FDC700E5DDBE /* Sources */ = {
			isa = PBXSourcesBuildPhase;
			buildActionMask = 2147483647;
			files = (
				5EA4964717A4FDC700E5DDBE /* main.m in Sources */,
				5EA4964B17A4FDC700E5DDBE /* AppDelegate.m in Sources */,
				5EA4965417A4FDC700E5DDBE /* ViewController.m in Sources */,
				5EA4966C17A4FFB400E5DDBE /* SlideAttachmentCell.m in Sources */,
				5EA4966D17A4FFB400E5DDBE /* TextAttchment.m in Sources */,
				5EA4966E17A4FFB400E5DDBE /* TextConfig.m in Sources */,
				5EA4967617A504BF00E5DDBE /* DemoViewController.m in Sources */,
				5EA4967C17A506A200E5DDBE /* UIImage-Extensions.m in Sources */,
				5E68444917A6B6140023E663 /* FastTextStorage.m in Sources */,
				5E3BAAE417A8A61900141DE4 /* ContentViewTiledLayer.m in Sources */,
				5E76544217AAA48700AAAD33 /* CAParagraphLayer.m in Sources */,
				5E64652417C1C8BC0044254E /* FastTextView.m in Sources */,
				5E64652517C1C8BC0044254E /* FileWrapperObject.m in Sources */,
				5E64652617C1C8BC0044254E /* NSMutableAttributedString+TextUtil.m in Sources */,
				5E64652917C1CBAA0044254E /* NSAttributedString+TextUtil.m in Sources */,
			);
			runOnlyForDeploymentPostprocessing = 0;
		};
/* End PBXSourcesBuildPhase section */

/* Begin PBXVariantGroup section */
		5EA4964317A4FDC700E5DDBE /* InfoPlist.strings */ = {
			isa = PBXVariantGroup;
			children = (
				5EA4964417A4FDC700E5DDBE /* en */,
			);
			name = InfoPlist.strings;
			sourceTree = "<group>";
		};
		5EA4965517A4FDC700E5DDBE /* ViewController.xib */ = {
			isa = PBXVariantGroup;
			children = (
				5EA4965617A4FDC700E5DDBE /* en */,
			);
			name = ViewController.xib;
			sourceTree = "<group>";
		};
/* End PBXVariantGroup section */

/* Begin XCBuildConfiguration section */
		5EA4965817A4FDC700E5DDBE /* Debug */ = {
			isa = XCBuildConfiguration;
			buildSettings = {
				ALWAYS_SEARCH_USER_PATHS = NO;
				CLANG_CXX_LANGUAGE_STANDARD = "gnu++0x";
				CLANG_CXX_LIBRARY = "libc++";
				CLANG_ENABLE_OBJC_ARC = YES;
				CLANG_WARN_CONSTANT_CONVERSION = YES;
				CLANG_WARN_EMPTY_BODY = YES;
				CLANG_WARN_ENUM_CONVERSION = YES;
				CLANG_WARN_INT_CONVERSION = YES;
				CLANG_WARN__DUPLICATE_METHOD_MATCH = YES;
				"CODE_SIGN_IDENTITY[sdk=iphoneos*]" = "iPhone Developer";
				COPY_PHASE_STRIP = NO;
				GCC_C_LANGUAGE_STANDARD = gnu99;
				GCC_DYNAMIC_NO_PIC = NO;
				GCC_OPTIMIZATION_LEVEL = 0;
				GCC_PREPROCESSOR_DEFINITIONS = (
					"DEBUG=1",
					"$(inherited)",
				);
				GCC_SYMBOLS_PRIVATE_EXTERN = NO;
				GCC_WARN_ABOUT_RETURN_TYPE = YES;
				GCC_WARN_UNINITIALIZED_AUTOS = YES;
				GCC_WARN_UNUSED_VARIABLE = YES;
				IPHONEOS_DEPLOYMENT_TARGET = 5.0;
				ONLY_ACTIVE_ARCH = YES;
				SDKROOT = iphoneos;
			};
			name = Debug;
		};
		5EA4965917A4FDC700E5DDBE /* Release */ = {
			isa = XCBuildConfiguration;
			buildSettings = {
				ALWAYS_SEARCH_USER_PATHS = NO;
				CLANG_CXX_LANGUAGE_STANDARD = "gnu++0x";
				CLANG_CXX_LIBRARY = "libc++";
				CLANG_ENABLE_OBJC_ARC = YES;
				CLANG_WARN_CONSTANT_CONVERSION = YES;
				CLANG_WARN_EMPTY_BODY = YES;
				CLANG_WARN_ENUM_CONVERSION = YES;
				CLANG_WARN_INT_CONVERSION = YES;
				CLANG_WARN__DUPLICATE_METHOD_MATCH = YES;
				"CODE_SIGN_IDENTITY[sdk=iphoneos*]" = "iPhone Developer";
				COPY_PHASE_STRIP = YES;
				GCC_C_LANGUAGE_STANDARD = gnu99;
				GCC_WARN_ABOUT_RETURN_TYPE = YES;
				GCC_WARN_UNINITIALIZED_AUTOS = YES;
				GCC_WARN_UNUSED_VARIABLE = YES;
				IPHONEOS_DEPLOYMENT_TARGET = 5.0;
				OTHER_CFLAGS = "-DNS_BLOCK_ASSERTIONS=1";
				SDKROOT = iphoneos;
				VALIDATE_PRODUCT = YES;
			};
			name = Release;
		};
		5EA4965B17A4FDC700E5DDBE /* Debug */ = {
			isa = XCBuildConfiguration;
			buildSettings = {
				GCC_PRECOMPILE_PREFIX_HEADER = YES;
				GCC_PREFIX_HEADER = "FastTextView/FastTextView-Prefix.pch";
				INFOPLIST_FILE = "FastTextView/FastTextView-Info.plist";
				IPHONEOS_DEPLOYMENT_TARGET = 5.0;
				PRODUCT_NAME = "$(TARGET_NAME)";
				WRAPPER_EXTENSION = app;
			};
			name = Debug;
		};
		5EA4965C17A4FDC700E5DDBE /* Release */ = {
			isa = XCBuildConfiguration;
			buildSettings = {
				GCC_PRECOMPILE_PREFIX_HEADER = YES;
				GCC_PREFIX_HEADER = "FastTextView/FastTextView-Prefix.pch";
				INFOPLIST_FILE = "FastTextView/FastTextView-Info.plist";
				IPHONEOS_DEPLOYMENT_TARGET = 5.0;
				PRODUCT_NAME = "$(TARGET_NAME)";
				WRAPPER_EXTENSION = app;
			};
			name = Release;
		};
/* End XCBuildConfiguration section */

/* Begin XCConfigurationList section */
		5EA4963217A4FDC700E5DDBE /* Build configuration list for PBXProject "FastTextView" */ = {
			isa = XCConfigurationList;
			buildConfigurations = (
				5EA4965817A4FDC700E5DDBE /* Debug */,
				5EA4965917A4FDC700E5DDBE /* Release */,
			);
			defaultConfigurationIsVisible = 0;
			defaultConfigurationName = Release;
		};
		5EA4965A17A4FDC700E5DDBE /* Build configuration list for PBXNativeTarget "FastTextView" */ = {
			isa = XCConfigurationList;
			buildConfigurations = (
				5EA4965B17A4FDC700E5DDBE /* Debug */,
				5EA4965C17A4FDC700E5DDBE /* Release */,
			);
			defaultConfigurationIsVisible = 0;
			defaultConfigurationName = Release;
		};
/* End XCConfigurationList section */
	};
	rootObject = 5EA4962F17A4FDC700E5DDBE /* Project object */;
}
