// !$*UTF8*$!
{
	archiveVersion = 1;
	classes = {
	};
	objectVersion = 46;
	objects = {

/* Begin PBXBuildFile section */
		5E7408D418C850780098FE24 /* NSCharacterSet+EmojiAdditions.m in Sources */ = {isa = PBXBuildFile; fileRef = 5E7408D118C850780098FE24 /* NSCharacterSet+EmojiAdditions.m */; };
		5E7408D518C850780098FE24 /* TextParagraph.m in Sources */ = {isa = PBXBuildFile; fileRef = 5E7408D318C850780098FE24 /* TextParagraph.m */; };
		5EBB59B618AB2B9F00D18C5C /* UIColor+TextUtil.m in Sources */ = {isa = PBXBuildFile; fileRef = 5EBB59B518AB2B9F00D18C5C /* UIColor+TextUtil.m */; };
		5EED2E6817DD72FA0080F277 /* Foundation.framework in Frameworks */ = {isa = PBXBuildFile; fileRef = 5EED2E6717DD72FA0080F277 /* Foundation.framework */; };
		5EED2E9417DD73D80080F277 /* CAParagraphLayer.m in Sources */ = {isa = PBXBuildFile; fileRef = 5EED2E7D17DD73D80080F277 /* CAParagraphLayer.m */; };
		5EED2E9517DD73D80080F277 /* ContentViewTiledLayer.m in Sources */ = {isa = PBXBuildFile; fileRef = 5EED2E7F17DD73D80080F277 /* ContentViewTiledLayer.m */; };
		5EED2E9617DD73D80080F277 /* FastTextStorage.m in Sources */ = {isa = PBXBuildFile; fileRef = 5EED2E8117DD73D80080F277 /* FastTextStorage.m */; };
		5EED2E9717DD73D80080F277 /* FastTextView.m in Sources */ = {isa = PBXBuildFile; fileRef = 5EED2E8317DD73D80080F277 /* FastTextView.m */; };
		5EED2E9817DD73D80080F277 /* FileWrapperObject.m in Sources */ = {isa = PBXBuildFile; fileRef = 5EED2E8517DD73D80080F277 /* FileWrapperObject.m */; };
		5EED2E9917DD73D80080F277 /* NSAttributedString+TextUtil.m in Sources */ = {isa = PBXBuildFile; fileRef = 5EED2E8717DD73D80080F277 /* NSAttributedString+TextUtil.m */; };
		5EED2E9A17DD73D80080F277 /* NSMutableAttributedString+TextUtil.m in Sources */ = {isa = PBXBuildFile; fileRef = 5EED2E8917DD73D80080F277 /* NSMutableAttributedString+TextUtil.m */; };
		5EED2E9D17DD73D80080F277 /* TextAttchment.m in Sources */ = {isa = PBXBuildFile; fileRef = 5EED2E8F17DD73D80080F277 /* TextAttchment.m */; };
		5EED2EA117DD74120080F277 /* AssetsLibrary.framework in Frameworks */ = {isa = PBXBuildFile; fileRef = 5EED2EA017DD74120080F277 /* AssetsLibrary.framework */; };
		5EED2EA317DD74170080F277 /* QuartzCore.framework in Frameworks */ = {isa = PBXBuildFile; fileRef = 5EED2EA217DD74170080F277 /* QuartzCore.framework */; };
		5EED2EA517DD741C0080F277 /* CoreText.framework in Frameworks */ = {isa = PBXBuildFile; fileRef = 5EED2EA417DD741C0080F277 /* CoreText.framework */; };
		5EED2EA717DD74220080F277 /* CoreGraphics.framework in Frameworks */ = {isa = PBXBuildFile; fileRef = 5EED2EA617DD74220080F277 /* CoreGraphics.framework */; };
		5EED2EA917DD74300080F277 /* UIKit.framework in Frameworks */ = {isa = PBXBuildFile; fileRef = 5EED2EA817DD74300080F277 /* UIKit.framework */; };
		5EED2EBF17DD94770080F277 /* CAParagraphLayer.h in CopyFiles */ = {isa = PBXBuildFile; fileRef = 5EED2E7C17DD73D80080F277 /* CAParagraphLayer.h */; };
		5EED2EC017DD94770080F277 /* ContentViewTiledLayer.h in CopyFiles */ = {isa = PBXBuildFile; fileRef = 5EED2E7E17DD73D80080F277 /* ContentViewTiledLayer.h */; };
		5EED2EC117DD94770080F277 /* FastTextStorage.h in CopyFiles */ = {isa = PBXBuildFile; fileRef = 5EED2E8017DD73D80080F277 /* FastTextStorage.h */; };
		5EED2EC217DD94770080F277 /* FastTextView.h in CopyFiles */ = {isa = PBXBuildFile; fileRef = 5EED2E8217DD73D80080F277 /* FastTextView.h */; };
		5EED2EC317DD94770080F277 /* FileWrapperObject.h in CopyFiles */ = {isa = PBXBuildFile; fileRef = 5EED2E8417DD73D80080F277 /* FileWrapperObject.h */; };
		5EED2EC417DD94770080F277 /* NSAttributedString+TextUtil.h in CopyFiles */ = {isa = PBXBuildFile; fileRef = 5EED2E8617DD73D80080F277 /* NSAttributedString+TextUtil.h */; };
		5EED2EC517DD94770080F277 /* NSMutableAttributedString+TextUtil.h in CopyFiles */ = {isa = PBXBuildFile; fileRef = 5EED2E8817DD73D80080F277 /* NSMutableAttributedString+TextUtil.h */; };
		5EED2EC717DD94770080F277 /* TextAttchment.h in CopyFiles */ = {isa = PBXBuildFile; fileRef = 5EED2E8E17DD73D80080F277 /* TextAttchment.h */; };
		5EED2EF317DDA1AB0080F277 /* UIFont+TextUtil.m in Sources */ = {isa = PBXBuildFile; fileRef = 5EED2EF217DDA1AA0080F277 /* UIFont+TextUtil.m */; };
		5EED2EFC17DDA6320080F277 /* AttributeConfig.m in Sources */ = {isa = PBXBuildFile; fileRef = 5EED2EFB17DDA6310080F277 /* AttributeConfig.m */; };
/* End PBXBuildFile section */

/* Begin PBXCopyFilesBuildPhase section */
		5EED2E6217DD72FA0080F277 /* CopyFiles */ = {
			isa = PBXCopyFilesBuildPhase;
			buildActionMask = 2147483647;
			dstPath = "include/${PRODUCT_NAME}";
			dstSubfolderSpec = 16;
			files = (
				5EED2EBF17DD94770080F277 /* CAParagraphLayer.h in CopyFiles */,
				5EED2EC017DD94770080F277 /* ContentViewTiledLayer.h in CopyFiles */,
				5EED2EC117DD94770080F277 /* FastTextStorage.h in CopyFiles */,
				5EED2EC217DD94770080F277 /* FastTextView.h in CopyFiles */,
				5EED2EC317DD94770080F277 /* FileWrapperObject.h in CopyFiles */,
				5EED2EC417DD94770080F277 /* NSAttributedString+TextUtil.h in CopyFiles */,
				5EED2EC517DD94770080F277 /* NSMutableAttributedString+TextUtil.h in CopyFiles */,
				5EED2EC717DD94770080F277 /* TextAttchment.h in CopyFiles */,
			);
			runOnlyForDeploymentPostprocessing = 0;
		};
/* End PBXCopyFilesBuildPhase section */

/* Begin PBXFileReference section */
		5E7408D018C850780098FE24 /* NSCharacterSet+EmojiAdditions.h */ = {isa = PBXFileReference; fileEncoding = 4; lastKnownFileType = sourcecode.c.h; path = "NSCharacterSet+EmojiAdditions.h"; sourceTree = "<group>"; };
		5E7408D118C850780098FE24 /* NSCharacterSet+EmojiAdditions.m */ = {isa = PBXFileReference; fileEncoding = 4; lastKnownFileType = sourcecode.c.objc; path = "NSCharacterSet+EmojiAdditions.m"; sourceTree = "<group>"; };
		5E7408D218C850780098FE24 /* TextParagraph.h */ = {isa = PBXFileReference; fileEncoding = 4; lastKnownFileType = sourcecode.c.h; path = TextParagraph.h; sourceTree = "<group>"; };
		5E7408D318C850780098FE24 /* TextParagraph.m */ = {isa = PBXFileReference; fileEncoding = 4; lastKnownFileType = sourcecode.c.objc; path = TextParagraph.m; sourceTree = "<group>"; };
		5EBB59B418AB2B9F00D18C5C /* UIColor+TextUtil.h */ = {isa = PBXFileReference; fileEncoding = 4; lastKnownFileType = sourcecode.c.h; path = "UIColor+TextUtil.h"; sourceTree = "<group>"; };
		5EBB59B518AB2B9F00D18C5C /* UIColor+TextUtil.m */ = {isa = PBXFileReference; fileEncoding = 4; lastKnownFileType = sourcecode.c.objc; path = "UIColor+TextUtil.m"; sourceTree = "<group>"; };
		5EED2E6417DD72FA0080F277 /* libFastTextViewLib.a */ = {isa = PBXFileReference; explicitFileType = archive.ar; includeInIndex = 0; path = libFastTextViewLib.a; sourceTree = BUILT_PRODUCTS_DIR; };
		5EED2E6717DD72FA0080F277 /* Foundation.framework */ = {isa = PBXFileReference; lastKnownFileType = wrapper.framework; name = Foundation.framework; path = System/Library/Frameworks/Foundation.framework; sourceTree = SDKROOT; };
		5EED2E6B17DD72FA0080F277 /* FastTextViewLib-Prefix.pch */ = {isa = PBXFileReference; lastKnownFileType = sourcecode.c.h; path = "FastTextViewLib-Prefix.pch"; sourceTree = "<group>"; };
		5EED2E7C17DD73D80080F277 /* CAParagraphLayer.h */ = {isa = PBXFileReference; fileEncoding = 4; lastKnownFileType = sourcecode.c.h; path = CAParagraphLayer.h; sourceTree = "<group>"; };
		5EED2E7D17DD73D80080F277 /* CAParagraphLayer.m */ = {isa = PBXFileReference; fileEncoding = 4; lastKnownFileType = sourcecode.c.objc; path = CAParagraphLayer.m; sourceTree = "<group>"; };
		5EED2E7E17DD73D80080F277 /* ContentViewTiledLayer.h */ = {isa = PBXFileReference; fileEncoding = 4; lastKnownFileType = sourcecode.c.h; path = ContentViewTiledLayer.h; sourceTree = "<group>"; };
		5EED2E7F17DD73D80080F277 /* ContentViewTiledLayer.m */ = {isa = PBXFileReference; fileEncoding = 4; lastKnownFileType = sourcecode.c.objc; path = ContentViewTiledLayer.m; sourceTree = "<group>"; };
		5EED2E8017DD73D80080F277 /* FastTextStorage.h */ = {isa = PBXFileReference; fileEncoding = 4; lastKnownFileType = sourcecode.c.h; path = FastTextStorage.h; sourceTree = "<group>"; };
		5EED2E8117DD73D80080F277 /* FastTextStorage.m */ = {isa = PBXFileReference; fileEncoding = 4; lastKnownFileType = sourcecode.c.objc; path = FastTextStorage.m; sourceTree = "<group>"; };
		5EED2E8217DD73D80080F277 /* FastTextView.h */ = {isa = PBXFileReference; fileEncoding = 4; lastKnownFileType = sourcecode.c.h; path = FastTextView.h; sourceTree = "<group>"; };
		5EED2E8317DD73D80080F277 /* FastTextView.m */ = {isa = PBXFileReference; fileEncoding = 4; lastKnownFileType = sourcecode.c.objc; path = FastTextView.m; sourceTree = "<group>"; };
		5EED2E8417DD73D80080F277 /* FileWrapperObject.h */ = {isa = PBXFileReference; fileEncoding = 4; lastKnownFileType = sourcecode.c.h; path = FileWrapperObject.h; sourceTree = "<group>"; };
		5EED2E8517DD73D80080F277 /* FileWrapperObject.m */ = {isa = PBXFileReference; fileEncoding = 4; lastKnownFileType = sourcecode.c.objc; path = FileWrapperObject.m; sourceTree = "<group>"; };
		5EED2E8617DD73D80080F277 /* NSAttributedString+TextUtil.h */ = {isa = PBXFileReference; fileEncoding = 4; lastKnownFileType = sourcecode.c.h; path = "NSAttributedString+TextUtil.h"; sourceTree = "<group>"; };
		5EED2E8717DD73D80080F277 /* NSAttributedString+TextUtil.m */ = {isa = PBXFileReference; fileEncoding = 4; lastKnownFileType = sourcecode.c.objc; path = "NSAttributedString+TextUtil.m"; sourceTree = "<group>"; };
		5EED2E8817DD73D80080F277 /* NSMutableAttributedString+TextUtil.h */ = {isa = PBXFileReference; fileEncoding = 4; lastKnownFileType = sourcecode.c.h; path = "NSMutableAttributedString+TextUtil.h"; sourceTree = "<group>"; };
		5EED2E8917DD73D80080F277 /* NSMutableAttributedString+TextUtil.m */ = {isa = PBXFileReference; fileEncoding = 4; lastKnownFileType = sourcecode.c.objc; path = "NSMutableAttributedString+TextUtil.m"; sourceTree = "<group>"; };
		5EED2E8E17DD73D80080F277 /* TextAttchment.h */ = {isa = PBXFileReference; fileEncoding = 4; lastKnownFileType = sourcecode.c.h; path = TextAttchment.h; sourceTree = "<group>"; };
		5EED2E8F17DD73D80080F277 /* TextAttchment.m */ = {isa = PBXFileReference; fileEncoding = 4; lastKnownFileType = sourcecode.c.objc; path = TextAttchment.m; sourceTree = "<group>"; };
		5EED2EA017DD74120080F277 /* AssetsLibrary.framework */ = {isa = PBXFileReference; lastKnownFileType = wrapper.framework; name = AssetsLibrary.framework; path = System/Library/Frameworks/AssetsLibrary.framework; sourceTree = SDKROOT; };
		5EED2EA217DD74170080F277 /* QuartzCore.framework */ = {isa = PBXFileReference; lastKnownFileType = wrapper.framework; name = QuartzCore.framework; path = System/Library/Frameworks/QuartzCore.framework; sourceTree = SDKROOT; };
		5EED2EA417DD741C0080F277 /* CoreText.framework */ = {isa = PBXFileReference; lastKnownFileType = wrapper.framework; name = CoreText.framework; path = System/Library/Frameworks/CoreText.framework; sourceTree = SDKROOT; };
		5EED2EA617DD74220080F277 /* CoreGraphics.framework */ = {isa = PBXFileReference; lastKnownFileType = wrapper.framework; name = CoreGraphics.framework; path = System/Library/Frameworks/CoreGraphics.framework; sourceTree = SDKROOT; };
		5EED2EA817DD74300080F277 /* UIKit.framework */ = {isa = PBXFileReference; lastKnownFileType = wrapper.framework; name = UIKit.framework; path = System/Library/Frameworks/UIKit.framework; sourceTree = SDKROOT; };
		5EED2EE017DD9A580080F277 /* drag-dot@2x.png */ = {isa = PBXFileReference; lastKnownFileType = image.png; path = "drag-dot@2x.png"; sourceTree = "<group>"; };
		5EED2EE117DD9A580080F277 /* loupe-hi@2x.png */ = {isa = PBXFileReference; lastKnownFileType = image.png; path = "loupe-hi@2x.png"; sourceTree = "<group>"; };
		5EED2EE217DD9A580080F277 /* loupe-lo@2x.png */ = {isa = PBXFileReference; lastKnownFileType = image.png; path = "loupe-lo@2x.png"; sourceTree = "<group>"; };
		5EED2EE317DD9A580080F277 /* loupe-mask@2x.png */ = {isa = PBXFileReference; lastKnownFileType = image.png; path = "loupe-mask@2x.png"; sourceTree = "<group>"; };
		5EED2EE417DD9A580080F277 /* magnifier-ranged-hi@2x.png */ = {isa = PBXFileReference; lastKnownFileType = image.png; path = "magnifier-ranged-hi@2x.png"; sourceTree = "<group>"; };
		5EED2EE517DD9A580080F277 /* magnifier-ranged-lo-stemless@2x.png */ = {isa = PBXFileReference; lastKnownFileType = image.png; path = "magnifier-ranged-lo-stemless@2x.png"; sourceTree = "<group>"; };
		5EED2EE617DD9A580080F277 /* magnifier-ranged-lo@2x.png */ = {isa = PBXFileReference; lastKnownFileType = image.png; path = "magnifier-ranged-lo@2x.png"; sourceTree = "<group>"; };
		5EED2EE717DD9A580080F277 /* magnifier-ranged-mask@2x.png */ = {isa = PBXFileReference; lastKnownFileType = image.png; path = "magnifier-ranged-mask@2x.png"; sourceTree = "<group>"; };
		5EED2EF117DDA1AA0080F277 /* UIFont+TextUtil.h */ = {isa = PBXFileReference; fileEncoding = 4; lastKnownFileType = sourcecode.c.h; path = "UIFont+TextUtil.h"; sourceTree = "<group>"; };
		5EED2EF217DDA1AA0080F277 /* UIFont+TextUtil.m */ = {isa = PBXFileReference; fileEncoding = 4; lastKnownFileType = sourcecode.c.objc; path = "UIFont+TextUtil.m"; sourceTree = "<group>"; };
		5EED2EFA17DDA6310080F277 /* AttributeConfig.h */ = {isa = PBXFileReference; fileEncoding = 4; lastKnownFileType = sourcecode.c.h; path = AttributeConfig.h; sourceTree = "<group>"; };
		5EED2EFB17DDA6310080F277 /* AttributeConfig.m */ = {isa = PBXFileReference; fileEncoding = 4; lastKnownFileType = sourcecode.c.objc; path = AttributeConfig.m; sourceTree = "<group>"; };
/* End PBXFileReference section */

/* Begin PBXFrameworksBuildPhase section */
		5EED2E6117DD72FA0080F277 /* Frameworks */ = {
			isa = PBXFrameworksBuildPhase;
			buildActionMask = 2147483647;
			files = (
				5EED2EA917DD74300080F277 /* UIKit.framework in Frameworks */,
				5EED2EA717DD74220080F277 /* CoreGraphics.framework in Frameworks */,
				5EED2EA517DD741C0080F277 /* CoreText.framework in Frameworks */,
				5EED2EA317DD74170080F277 /* QuartzCore.framework in Frameworks */,
				5EED2EA117DD74120080F277 /* AssetsLibrary.framework in Frameworks */,
				5EED2E6817DD72FA0080F277 /* Foundation.framework in Frameworks */,
			);
			runOnlyForDeploymentPostprocessing = 0;
		};
/* End PBXFrameworksBuildPhase section */

/* Begin PBXGroup section */
		5EED2E5B17DD72FA0080F277 = {
			isa = PBXGroup;
			children = (
				5EED2E6917DD72FA0080F277 /* FastTextViewLib */,
				5EED2E6617DD72FA0080F277 /* Frameworks */,
				5EED2E6517DD72FA0080F277 /* Products */,
			);
			sourceTree = "<group>";
		};
		5EED2E6517DD72FA0080F277 /* Products */ = {
			isa = PBXGroup;
			children = (
				5EED2E6417DD72FA0080F277 /* libFastTextViewLib.a */,
			);
			name = Products;
			sourceTree = "<group>";
		};
		5EED2E6617DD72FA0080F277 /* Frameworks */ = {
			isa = PBXGroup;
			children = (
				5EED2EA817DD74300080F277 /* UIKit.framework */,
				5EED2EA617DD74220080F277 /* CoreGraphics.framework */,
				5EED2EA417DD741C0080F277 /* CoreText.framework */,
				5EED2EA217DD74170080F277 /* QuartzCore.framework */,
				5EED2EA017DD74120080F277 /* AssetsLibrary.framework */,
				5EED2E6717DD72FA0080F277 /* Foundation.framework */,
			);
			name = Frameworks;
			sourceTree = "<group>";
		};
		5EED2E6917DD72FA0080F277 /* FastTextViewLib */ = {
			isa = PBXGroup;
			children = (
				5EED2EDF17DD9A580080F277 /* Resources */,
				5EED2E7B17DD73D80080F277 /* Class */,
				5EED2E6A17DD72FA0080F277 /* Supporting Files */,
			);
			path = FastTextViewLib;
			sourceTree = "<group>";
		};
		5EED2E6A17DD72FA0080F277 /* Supporting Files */ = {
			isa = PBXGroup;
			children = (
				5EED2E6B17DD72FA0080F277 /* FastTextViewLib-Prefix.pch */,
			);
			name = "Supporting Files";
			sourceTree = "<group>";
		};
		5EED2E7B17DD73D80080F277 /* Class */ = {
			isa = PBXGroup;
			children = (
				5E7408D018C850780098FE24 /* NSCharacterSet+EmojiAdditions.h */,
				5E7408D118C850780098FE24 /* NSCharacterSet+EmojiAdditions.m */,
				5E7408D218C850780098FE24 /* TextParagraph.h */,
				5E7408D318C850780098FE24 /* TextParagraph.m */,
				5EBB59B418AB2B9F00D18C5C /* UIColor+TextUtil.h */,
				5EBB59B518AB2B9F00D18C5C /* UIColor+TextUtil.m */,
				5EED2EFA17DDA6310080F277 /* AttributeConfig.h */,
				5EED2EFB17DDA6310080F277 /* AttributeConfig.m */,
				5EED2EF117DDA1AA0080F277 /* UIFont+TextUtil.h */,
				5EED2EF217DDA1AA0080F277 /* UIFont+TextUtil.m */,
				5EED2E7C17DD73D80080F277 /* CAParagraphLayer.h */,
				5EED2E7D17DD73D80080F277 /* CAParagraphLayer.m */,
				5EED2E7E17DD73D80080F277 /* ContentViewTiledLayer.h */,
				5EED2E7F17DD73D80080F277 /* ContentViewTiledLayer.m */,
				5EED2E8017DD73D80080F277 /* FastTextStorage.h */,
				5EED2E8117DD73D80080F277 /* FastTextStorage.m */,
				5EED2E8217DD73D80080F277 /* FastTextView.h */,
				5EED2E8317DD73D80080F277 /* FastTextView.m */,
				5EED2E8417DD73D80080F277 /* FileWrapperObject.h */,
				5EED2E8517DD73D80080F277 /* FileWrapperObject.m */,
				5EED2E8617DD73D80080F277 /* NSAttributedString+TextUtil.h */,
				5EED2E8717DD73D80080F277 /* NSAttributedString+TextUtil.m */,
				5EED2E8817DD73D80080F277 /* NSMutableAttributedString+TextUtil.h */,
				5EED2E8917DD73D80080F277 /* NSMutableAttributedString+TextUtil.m */,
				5EED2E8E17DD73D80080F277 /* TextAttchment.h */,
				5EED2E8F17DD73D80080F277 /* TextAttchment.m */,
			);
			path = Class;
			sourceTree = "<group>";
		};
		5EED2EDF17DD9A580080F277 /* Resources */ = {
			isa = PBXGroup;
			children = (
				5EED2EE017DD9A580080F277 /* drag-dot@2x.png */,
				5EED2EE117DD9A580080F277 /* loupe-hi@2x.png */,
				5EED2EE217DD9A580080F277 /* loupe-lo@2x.png */,
				5EED2EE317DD9A580080F277 /* loupe-mask@2x.png */,
				5EED2EE417DD9A580080F277 /* magnifier-ranged-hi@2x.png */,
				5EED2EE517DD9A580080F277 /* magnifier-ranged-lo-stemless@2x.png */,
				5EED2EE617DD9A580080F277 /* magnifier-ranged-lo@2x.png */,
				5EED2EE717DD9A580080F277 /* magnifier-ranged-mask@2x.png */,
			);
			path = Resources;
			sourceTree = "<group>";
		};
/* End PBXGroup section */

/* Begin PBXNativeTarget section */
		5EED2E6317DD72FA0080F277 /* FastTextViewLib */ = {
			isa = PBXNativeTarget;
			buildConfigurationList = 5EED2E7217DD72FA0080F277 /* Build configuration list for PBXNativeTarget "FastTextViewLib" */;
			buildPhases = (
				5EED2E6017DD72FA0080F277 /* Sources */,
				5EED2E6117DD72FA0080F277 /* Frameworks */,
				5EED2E6217DD72FA0080F277 /* CopyFiles */,
			);
			buildRules = (
			);
			dependencies = (
			);
			name = FastTextViewLib;
			productName = FastTextViewLib;
			productReference = 5EED2E6417DD72FA0080F277 /* libFastTextViewLib.a */;
			productType = "com.apple.product-type.library.static";
		};
/* End PBXNativeTarget section */

/* Begin PBXProject section */
		5EED2E5C17DD72FA0080F277 /* Project object */ = {
			isa = PBXProject;
			attributes = {
				LastUpgradeCheck = 0460;
				ORGANIZATIONNAME = wangqiang;
			};
			buildConfigurationList = 5EED2E5F17DD72FA0080F277 /* Build configuration list for PBXProject "FastTextViewLib" */;
			compatibilityVersion = "Xcode 3.2";
			developmentRegion = English;
			hasScannedForEncodings = 0;
			knownRegions = (
				en,
			);
			mainGroup = 5EED2E5B17DD72FA0080F277;
			productRefGroup = 5EED2E6517DD72FA0080F277 /* Products */;
			projectDirPath = "";
			projectRoot = "";
			targets = (
				5EED2E6317DD72FA0080F277 /* FastTextViewLib */,
			);
		};
/* End PBXProject section */

/* Begin PBXSourcesBuildPhase section */
		5EED2E6017DD72FA0080F277 /* Sources */ = {
			isa = PBXSourcesBuildPhase;
			buildActionMask = 2147483647;
			files = (
				5EED2E9417DD73D80080F277 /* CAParagraphLayer.m in Sources */,
				5EED2E9517DD73D80080F277 /* ContentViewTiledLayer.m in Sources */,
				5EED2E9617DD73D80080F277 /* FastTextStorage.m in Sources */,
				5EED2E9717DD73D80080F277 /* FastTextView.m in Sources */,
				5EED2E9817DD73D80080F277 /* FileWrapperObject.m in Sources */,
				5EED2E9917DD73D80080F277 /* NSAttributedString+TextUtil.m in Sources */,
				5EED2E9A17DD73D80080F277 /* NSMutableAttributedString+TextUtil.m in Sources */,
				5EED2E9D17DD73D80080F277 /* TextAttchment.m in Sources */,
				5EED2EF317DDA1AB0080F277 /* UIFont+TextUtil.m in Sources */,
				5E7408D518C850780098FE24 /* TextParagraph.m in Sources */,
				5EED2EFC17DDA6320080F277 /* AttributeConfig.m in Sources */,
				5E7408D418C850780098FE24 /* NSCharacterSet+EmojiAdditions.m in Sources */,
				5EBB59B618AB2B9F00D18C5C /* UIColor+TextUtil.m in Sources */,
			);
			runOnlyForDeploymentPostprocessing = 0;
		};
/* End PBXSourcesBuildPhase section */

/* Begin XCBuildConfiguration section */
		5EED2E7017DD72FA0080F277 /* Debug */ = {
			isa = XCBuildConfiguration;
			buildSettings = {
				ALWAYS_SEARCH_USER_PATHS = NO;
				CLANG_CXX_LANGUAGE_STANDARD = "gnu++0x";
				CLANG_CXX_LIBRARY = "libc++";
				CLANG_ENABLE_OBJC_ARC = YES;
				CLANG_WARN_CONSTANT_CONVERSION = YES;
				CLANG_WARN_EMPTY_BODY = YES;
				CLANG_WARN_ENUM_CONVERSION = YES;
				CLANG_WARN_INT_CONVERSION = YES;
				CLANG_WARN__DUPLICATE_METHOD_MATCH = YES;
				COPY_PHASE_STRIP = NO;
				GCC_C_LANGUAGE_STANDARD = gnu99;
				GCC_DYNAMIC_NO_PIC = NO;
				GCC_OPTIMIZATION_LEVEL = 0;
				GCC_PREPROCESSOR_DEFINITIONS = (
					"DEBUG=1",
					"$(inherited)",
				);
				GCC_SYMBOLS_PRIVATE_EXTERN = NO;
				GCC_WARN_ABOUT_RETURN_TYPE = YES;
				GCC_WARN_UNINITIALIZED_AUTOS = YES;
				GCC_WARN_UNUSED_VARIABLE = YES;
				HEADER_SEARCH_PATHS = "";
				IPHONEOS_DEPLOYMENT_TARGET = 5.0;
				LIBRARY_SEARCH_PATHS = "";
				ONLY_ACTIVE_ARCH = YES;
				SDKROOT = iphoneos;
			};
			name = Debug;
		};
		5EED2E7117DD72FA0080F277 /* Release */ = {
			isa = XCBuildConfiguration;
			buildSettings = {
				ALWAYS_SEARCH_USER_PATHS = NO;
				CLANG_CXX_LANGUAGE_STANDARD = "gnu++0x";
				CLANG_CXX_LIBRARY = "libc++";
				CLANG_ENABLE_OBJC_ARC = YES;
				CLANG_WARN_CONSTANT_CONVERSION = YES;
				CLANG_WARN_EMPTY_BODY = YES;
				CLANG_WARN_ENUM_CONVERSION = YES;
				CLANG_WARN_INT_CONVERSION = YES;
				CLANG_WARN__DUPLICATE_METHOD_MATCH = YES;
				COPY_PHASE_STRIP = YES;
				GCC_C_LANGUAGE_STANDARD = gnu99;
				GCC_WARN_ABOUT_RETURN_TYPE = YES;
				GCC_WARN_UNINITIALIZED_AUTOS = YES;
				GCC_WARN_UNUSED_VARIABLE = YES;
				HEADER_SEARCH_PATHS = "";
				IPHONEOS_DEPLOYMENT_TARGET = 5.0;
				LIBRARY_SEARCH_PATHS = "";
				SDKROOT = iphoneos;
				VALIDATE_PRODUCT = YES;
			};
			name = Release;
		};
		5EED2E7317DD72FA0080F277 /* Debug */ = {
			isa = XCBuildConfiguration;
			buildSettings = {
				DSTROOT = /tmp/FastTextViewLib.dst;
				GCC_PRECOMPILE_PREFIX_HEADER = YES;
				GCC_PREFIX_HEADER = "FastTextViewLib/FastTextViewLib-Prefix.pch";
				HEADER_SEARCH_PATHS = "";
				OTHER_LDFLAGS = "-ObjC";
				PRODUCT_NAME = "$(TARGET_NAME)";
				SKIP_INSTALL = YES;
			};
			name = Debug;
		};
		5EED2E7417DD72FA0080F277 /* Release */ = {
			isa = XCBuildConfiguration;
			buildSettings = {
				DSTROOT = /tmp/FastTextViewLib.dst;
				GCC_PRECOMPILE_PREFIX_HEADER = YES;
				GCC_PREFIX_HEADER = "FastTextViewLib/FastTextViewLib-Prefix.pch";
				HEADER_SEARCH_PATHS = "";
				OTHER_LDFLAGS = "-ObjC";
				PRODUCT_NAME = "$(TARGET_NAME)";
				SKIP_INSTALL = YES;
			};
			name = Release;
		};
/* End XCBuildConfiguration section */

/* Begin XCConfigurationList section */
		5EED2E5F17DD72FA0080F277 /* Build configuration list for PBXProject "FastTextViewLib" */ = {
			isa = XCConfigurationList;
			buildConfigurations = (
				5EED2E7017DD72FA0080F277 /* Debug */,
				5EED2E7117DD72FA0080F277 /* Release */,
			);
			defaultConfigurationIsVisible = 0;
			defaultConfigurationName = Release;
		};
		5EED2E7217DD72FA0080F277 /* Build configuration list for PBXNativeTarget "FastTextViewLib" */ = {
			isa = XCConfigurationList;
			buildConfigurations = (
				5EED2E7317DD72FA0080F277 /* Debug */,
				5EED2E7417DD72FA0080F277 /* Release */,
			);
			defaultConfigurationIsVisible = 0;
			defaultConfigurationName = Release;
		};
/* End XCConfigurationList section */
	};
	rootObject = 5EED2E5C17DD72FA0080F277 /* Project object */;
}
